// !$*UTF8*$!
{
	archiveVersion = 1;
	classes = {
	};
	objectVersion = 56;
	objects = {

/* Begin PBXBuildFile section */
		650B26C5297A2C33007F448A /* AppDelegate.swift in Sources */ = {isa = PBXBuildFile; fileRef = 650B26C4297A2C33007F448A /* AppDelegate.swift */; };
		650B26C7297A2C33007F448A /* SceneDelegate.swift in Sources */ = {isa = PBXBuildFile; fileRef = 650B26C6297A2C33007F448A /* SceneDelegate.swift */; };
		650B26C9297A2C33007F448A /* HomeViewController.swift in Sources */ = {isa = PBXBuildFile; fileRef = 650B26C8297A2C33007F448A /* HomeViewController.swift */; };
		650B26CE297A2C34007F448A /* Assets.xcassets in Resources */ = {isa = PBXBuildFile; fileRef = 650B26CD297A2C34007F448A /* Assets.xcassets */; };
		650B26D1297A2C34007F448A /* LaunchScreen.storyboard in Resources */ = {isa = PBXBuildFile; fileRef = 650B26CF297A2C34007F448A /* LaunchScreen.storyboard */; };
		651DCEA2297A2EEC0043267D /* AppTimer.swift in Sources */ = {isa = PBXBuildFile; fileRef = 651DCEA1297A2EEC0043267D /* AppTimer.swift */; };
		651DCEA4297A2F2F0043267D /* TableViewControllerLogger.swift in Sources */ = {isa = PBXBuildFile; fileRef = 651DCEA3297A2F2F0043267D /* TableViewControllerLogger.swift */; };
		651DCEA6297A2F520043267D /* ViewControllerLogger.swift in Sources */ = {isa = PBXBuildFile; fileRef = 651DCEA5297A2F520043267D /* ViewControllerLogger.swift */; };
		651DCEA8297A32400043267D /* ChatManager.swift in Sources */ = {isa = PBXBuildFile; fileRef = 651DCEA7297A32400043267D /* ChatManager.swift */; };
		651DCEAA297A37010043267D /* Alerts.swift in Sources */ = {isa = PBXBuildFile; fileRef = 651DCEA9297A37010043267D /* Alerts.swift */; };
		651DCEAD297A37480043267D /* StreamChat in Frameworks */ = {isa = PBXBuildFile; productRef = 651DCEAC297A37480043267D /* StreamChat */; };
		651DCEAF297A37480043267D /* StreamChatUI in Frameworks */ = {isa = PBXBuildFile; productRef = 651DCEAE297A37480043267D /* StreamChatUI */; };
		651DCEB7297A44F80043267D /* ErrorExtensions.swift in Sources */ = {isa = PBXBuildFile; fileRef = 651DCEB6297A44F80043267D /* ErrorExtensions.swift */; };
		651DCEBA297A5DB70043267D /* TabBarViewController.swift in Sources */ = {isa = PBXBuildFile; fileRef = 651DCEB9297A5DB70043267D /* TabBarViewController.swift */; };
		651DCEBC297A5DDD0043267D /* SettingsViewController.swift in Sources */ = {isa = PBXBuildFile; fileRef = 651DCEBB297A5DDD0043267D /* SettingsViewController.swift */; };
		6550C6E9298875ED00F6C905 /* ButtonExtensions.swift in Sources */ = {isa = PBXBuildFile; fileRef = 6550C6E8298875ED00F6C905 /* ButtonExtensions.swift */; };
/* End PBXBuildFile section */

/* Begin PBXFileReference section */
		650B26C1297A2C33007F448A /* ChatApp3000.app */ = {isa = PBXFileReference; explicitFileType = wrapper.application; includeInIndex = 0; path = ChatApp3000.app; sourceTree = BUILT_PRODUCTS_DIR; };
		650B26C4297A2C33007F448A /* AppDelegate.swift */ = {isa = PBXFileReference; lastKnownFileType = sourcecode.swift; path = AppDelegate.swift; sourceTree = "<group>"; };
		650B26C6297A2C33007F448A /* SceneDelegate.swift */ = {isa = PBXFileReference; lastKnownFileType = sourcecode.swift; path = SceneDelegate.swift; sourceTree = "<group>"; };
		650B26C8297A2C33007F448A /* HomeViewController.swift */ = {isa = PBXFileReference; lastKnownFileType = sourcecode.swift; path = HomeViewController.swift; sourceTree = "<group>"; };
		650B26CD297A2C34007F448A /* Assets.xcassets */ = {isa = PBXFileReference; lastKnownFileType = folder.assetcatalog; path = Assets.xcassets; sourceTree = "<group>"; };
		650B26D0297A2C34007F448A /* Base */ = {isa = PBXFileReference; lastKnownFileType = file.storyboard; name = Base; path = Base.lproj/LaunchScreen.storyboard; sourceTree = "<group>"; };
		650B26D2297A2C34007F448A /* Info.plist */ = {isa = PBXFileReference; lastKnownFileType = text.plist.xml; path = Info.plist; sourceTree = "<group>"; };
		651DCEA1297A2EEC0043267D /* AppTimer.swift */ = {isa = PBXFileReference; lastKnownFileType = sourcecode.swift; path = AppTimer.swift; sourceTree = "<group>"; };
		651DCEA3297A2F2F0043267D /* TableViewControllerLogger.swift */ = {isa = PBXFileReference; lastKnownFileType = sourcecode.swift; path = TableViewControllerLogger.swift; sourceTree = "<group>"; };
		651DCEA5297A2F520043267D /* ViewControllerLogger.swift */ = {isa = PBXFileReference; lastKnownFileType = sourcecode.swift; path = ViewControllerLogger.swift; sourceTree = "<group>"; };
		651DCEA7297A32400043267D /* ChatManager.swift */ = {isa = PBXFileReference; lastKnownFileType = sourcecode.swift; path = ChatManager.swift; sourceTree = "<group>"; };
		651DCEA9297A37010043267D /* Alerts.swift */ = {isa = PBXFileReference; lastKnownFileType = sourcecode.swift; path = Alerts.swift; sourceTree = "<group>"; };
		651DCEB6297A44F80043267D /* ErrorExtensions.swift */ = {isa = PBXFileReference; lastKnownFileType = sourcecode.swift; path = ErrorExtensions.swift; sourceTree = "<group>"; };
		651DCEB9297A5DB70043267D /* TabBarViewController.swift */ = {isa = PBXFileReference; lastKnownFileType = sourcecode.swift; path = TabBarViewController.swift; sourceTree = "<group>"; };
		651DCEBB297A5DDD0043267D /* SettingsViewController.swift */ = {isa = PBXFileReference; lastKnownFileType = sourcecode.swift; path = SettingsViewController.swift; sourceTree = "<group>"; };
		6550C6E8298875ED00F6C905 /* ButtonExtensions.swift */ = {isa = PBXFileReference; lastKnownFileType = sourcecode.swift; path = ButtonExtensions.swift; sourceTree = "<group>"; };
/* End PBXFileReference section */

/* Begin PBXFrameworksBuildPhase section */
		650B26BE297A2C33007F448A /* Frameworks */ = {
			isa = PBXFrameworksBuildPhase;
			buildActionMask = 2147483647;
			files = (
				651DCEAF297A37480043267D /* StreamChatUI in Frameworks */,
				651DCEAD297A37480043267D /* StreamChat in Frameworks */,
			);
			runOnlyForDeploymentPostprocessing = 0;
		};
/* End PBXFrameworksBuildPhase section */

/* Begin PBXGroup section */
		650B26B8297A2C33007F448A = {
			isa = PBXGroup;
			children = (
				6550C6E8298875ED00F6C905 /* ButtonExtensions.swift */,
				650B26C3297A2C33007F448A /* ChatApp3000 */,
				650B26C2297A2C33007F448A /* Products */,
			);
			sourceTree = "<group>";
		};
		650B26C2297A2C33007F448A /* Products */ = {
			isa = PBXGroup;
			children = (
				650B26C1297A2C33007F448A /* ChatApp3000.app */,
			);
			name = Products;
			sourceTree = "<group>";
		};
		650B26C3297A2C33007F448A /* ChatApp3000 */ = {
			isa = PBXGroup;
			children = (
				650B26D2297A2C34007F448A /* Info.plist */,
				651DCEB5297A39D80043267D /* Managers */,
				651DCEB4297A39AE0043267D /* Assets */,
				651DCEB3297A39970043267D /*  Extensions */,
				651DCEB2297A396F0043267D /* Controller */,
				651DCEB1297A39610043267D /* View */,
				651DCEB0297A39590043267D /* Model */,
			);
			path = ChatApp3000;
			sourceTree = "<group>";
		};
		651DCEB0297A39590043267D /* Model */ = {
			isa = PBXGroup;
			children = (
			);
			path = Model;
			sourceTree = "<group>";
		};
		651DCEB1297A39610043267D /* View */ = {
			isa = PBXGroup;
			children = (
			);
			path = View;
			sourceTree = "<group>";
		};
		651DCEB2297A396F0043267D /* Controller */ = {
			isa = PBXGroup;
			children = (
				651DCEB9297A5DB70043267D /* TabBarViewController.swift */,
				650B26C8297A2C33007F448A /* HomeViewController.swift */,
				651DCEBB297A5DDD0043267D /* SettingsViewController.swift */,
			);
			path = Controller;
			sourceTree = "<group>";
		};
		651DCEB3297A39970043267D /*  Extensions */ = {
			isa = PBXGroup;
			children = (
				651DCEA3297A2F2F0043267D /* TableViewControllerLogger.swift */,
				651DCEA9297A37010043267D /* Alerts.swift */,
				651DCEA5297A2F520043267D /* ViewControllerLogger.swift */,
				651DCEA1297A2EEC0043267D /* AppTimer.swift */,
				651DCEB6297A44F80043267D /* ErrorExtensions.swift */,
			);
			path = " Extensions";
			sourceTree = "<group>";
		};
		651DCEB4297A39AE0043267D /* Assets */ = {
			isa = PBXGroup;
			children = (
				650B26C4297A2C33007F448A /* AppDelegate.swift */,
				650B26C6297A2C33007F448A /* SceneDelegate.swift */,
				650B26CD297A2C34007F448A /* Assets.xcassets */,
				650B26CF297A2C34007F448A /* LaunchScreen.storyboard */,
			);
			path = Assets;
			sourceTree = "<group>";
		};
		651DCEB5297A39D80043267D /* Managers */ = {
			isa = PBXGroup;
			children = (
				651DCEA7297A32400043267D /* ChatManager.swift */,
			);
			path = Managers;
			sourceTree = "<group>";
		};
/* End PBXGroup section */

/* Begin PBXNativeTarget section */
		650B26C0297A2C33007F448A /* ChatApp3000 */ = {
			isa = PBXNativeTarget;
			buildConfigurationList = 650B26D5297A2C34007F448A /* Build configuration list for PBXNativeTarget "ChatApp3000" */;
			buildPhases = (
				650B26BD297A2C33007F448A /* Sources */,
				650B26BE297A2C33007F448A /* Frameworks */,
				650B26BF297A2C33007F448A /* Resources */,
			);
			buildRules = (
			);
			dependencies = (
			);
			name = ChatApp3000;
			packageProductDependencies = (
				651DCEAC297A37480043267D /* StreamChat */,
				651DCEAE297A37480043267D /* StreamChatUI */,
			);
			productName = ChatApp3000;
			productReference = 650B26C1297A2C33007F448A /* ChatApp3000.app */;
			productType = "com.apple.product-type.application";
		};
/* End PBXNativeTarget section */

/* Begin PBXProject section */
		650B26B9297A2C33007F448A /* Project object */ = {
			isa = PBXProject;
			attributes = {
				BuildIndependentTargetsInParallel = 1;
				LastSwiftUpdateCheck = 1420;
				LastUpgradeCheck = 1420;
				TargetAttributes = {
					650B26C0297A2C33007F448A = {
						CreatedOnToolsVersion = 14.2;
					};
				};
			};
			buildConfigurationList = 650B26BC297A2C33007F448A /* Build configuration list for PBXProject "ChatApp3000" */;
			compatibilityVersion = "Xcode 14.0";
			developmentRegion = en;
			hasScannedForEncodings = 0;
			knownRegions = (
				en,
				Base,
			);
			mainGroup = 650B26B8297A2C33007F448A;
			packageReferences = (
				651DCEAB297A37480043267D /* XCRemoteSwiftPackageReference "stream-chat-swift" */,
			);
			productRefGroup = 650B26C2297A2C33007F448A /* Products */;
			projectDirPath = "";
			projectRoot = "";
			targets = (
				650B26C0297A2C33007F448A /* ChatApp3000 */,
			);
		};
/* End PBXProject section */

/* Begin PBXResourcesBuildPhase section */
		650B26BF297A2C33007F448A /* Resources */ = {
			isa = PBXResourcesBuildPhase;
			buildActionMask = 2147483647;
			files = (
				650B26D1297A2C34007F448A /* LaunchScreen.storyboard in Resources */,
				650B26CE297A2C34007F448A /* Assets.xcassets in Resources */,
			);
			runOnlyForDeploymentPostprocessing = 0;
		};
/* End PBXResourcesBuildPhase section */

/* Begin PBXSourcesBuildPhase section */
		650B26BD297A2C33007F448A /* Sources */ = {
			isa = PBXSourcesBuildPhase;
			buildActionMask = 2147483647;
			files = (
				651DCEA6297A2F520043267D /* ViewControllerLogger.swift in Sources */,
				650B26C9297A2C33007F448A /* HomeViewController.swift in Sources */,
				651DCEBC297A5DDD0043267D /* SettingsViewController.swift in Sources */,
				651DCEAA297A37010043267D /* Alerts.swift in Sources */,
				650B26C5297A2C33007F448A /* AppDelegate.swift in Sources */,
				651DCEA4297A2F2F0043267D /* TableViewControllerLogger.swift in Sources */,
				651DCEA8297A32400043267D /* ChatManager.swift in Sources */,
				650B26C7297A2C33007F448A /* SceneDelegate.swift in Sources */,
				651DCEA2297A2EEC0043267D /* AppTimer.swift in Sources */,
				6550C6E9298875ED00F6C905 /* ButtonExtensions.swift in Sources */,
				651DCEBA297A5DB70043267D /* TabBarViewController.swift in Sources */,
				651DCEB7297A44F80043267D /* ErrorExtensions.swift in Sources */,
			);
			runOnlyForDeploymentPostprocessing = 0;
		};
/* End PBXSourcesBuildPhase section */

/* Begin PBXVariantGroup section */
		650B26CF297A2C34007F448A /* LaunchScreen.storyboard */ = {
			isa = PBXVariantGroup;
			children = (
				650B26D0297A2C34007F448A /* Base */,
			);
			name = LaunchScreen.storyboard;
			sourceTree = "<group>";
		};
/* End PBXVariantGroup section */

/* Begin XCBuildConfiguration section */
		650B26D3297A2C34007F448A /* Debug */ = {
			isa = XCBuildConfiguration;
			buildSettings = {
				ALWAYS_SEARCH_USER_PATHS = NO;
				CLANG_ANALYZER_NONNULL = YES;
				CLANG_ANALYZER_NUMBER_OBJECT_CONVERSION = YES_AGGRESSIVE;
				CLANG_CXX_LANGUAGE_STANDARD = "gnu++20";
				CLANG_ENABLE_MODULES = YES;
				CLANG_ENABLE_OBJC_ARC = YES;
				CLANG_ENABLE_OBJC_WEAK = YES;
				CLANG_WARN_BLOCK_CAPTURE_AUTORELEASING = YES;
				CLANG_WARN_BOOL_CONVERSION = YES;
				CLANG_WARN_COMMA = YES;
				CLANG_WARN_CONSTANT_CONVERSION = YES;
				CLANG_WARN_DEPRECATED_OBJC_IMPLEMENTATIONS = YES;
				CLANG_WARN_DIRECT_OBJC_ISA_USAGE = YES_ERROR;
				CLANG_WARN_DOCUMENTATION_COMMENTS = YES;
				CLANG_WARN_EMPTY_BODY = YES;
				CLANG_WARN_ENUM_CONVERSION = YES;
				CLANG_WARN_INFINITE_RECURSION = YES;
				CLANG_WARN_INT_CONVERSION = YES;
				CLANG_WARN_NON_LITERAL_NULL_CONVERSION = YES;
				CLANG_WARN_OBJC_IMPLICIT_RETAIN_SELF = YES;
				CLANG_WARN_OBJC_LITERAL_CONVERSION = YES;
				CLANG_WARN_OBJC_ROOT_CLASS = YES_ERROR;
				CLANG_WARN_QUOTED_INCLUDE_IN_FRAMEWORK_HEADER = YES;
				CLANG_WARN_RANGE_LOOP_ANALYSIS = YES;
				CLANG_WARN_STRICT_PROTOTYPES = YES;
				CLANG_WARN_SUSPICIOUS_MOVE = YES;
				CLANG_WARN_UNGUARDED_AVAILABILITY = YES_AGGRESSIVE;
				CLANG_WARN_UNREACHABLE_CODE = YES;
				CLANG_WARN__DUPLICATE_METHOD_MATCH = YES;
				COPY_PHASE_STRIP = NO;
				DEBUG_INFORMATION_FORMAT = dwarf;
				ENABLE_STRICT_OBJC_MSGSEND = YES;
				ENABLE_TESTABILITY = YES;
				GCC_C_LANGUAGE_STANDARD = gnu11;
				GCC_DYNAMIC_NO_PIC = NO;
				GCC_NO_COMMON_BLOCKS = YES;
				GCC_OPTIMIZATION_LEVEL = 0;
				GCC_PREPROCESSOR_DEFINITIONS = (
					"DEBUG=1",
					"$(inherited)",
				);
				GCC_WARN_64_TO_32_BIT_CONVERSION = YES;
				GCC_WARN_ABOUT_RETURN_TYPE = YES_ERROR;
				GCC_WARN_UNDECLARED_SELECTOR = YES;
				GCC_WARN_UNINITIALIZED_AUTOS = YES_AGGRESSIVE;
				GCC_WARN_UNUSED_FUNCTION = YES;
				GCC_WARN_UNUSED_VARIABLE = YES;
				IPHONEOS_DEPLOYMENT_TARGET = 16.2;
				MTL_ENABLE_DEBUG_INFO = INCLUDE_SOURCE;
				MTL_FAST_MATH = YES;
				ONLY_ACTIVE_ARCH = YES;
				SDKROOT = iphoneos;
				SWIFT_ACTIVE_COMPILATION_CONDITIONS = DEBUG;
				SWIFT_OPTIMIZATION_LEVEL = "-Onone";
			};
			name = Debug;
		};
		650B26D4297A2C34007F448A /* Release */ = {
			isa = XCBuildConfiguration;
			buildSettings = {
				ALWAYS_SEARCH_USER_PATHS = NO;
				CLANG_ANALYZER_NONNULL = YES;
				CLANG_ANALYZER_NUMBER_OBJECT_CONVERSION = YES_AGGRESSIVE;
				CLANG_CXX_LANGUAGE_STANDARD = "gnu++20";
				CLANG_ENABLE_MODULES = YES;
				CLANG_ENABLE_OBJC_ARC = YES;
				CLANG_ENABLE_OBJC_WEAK = YES;
				CLANG_WARN_BLOCK_CAPTURE_AUTORELEASING = YES;
				CLANG_WARN_BOOL_CONVERSION = YES;
				CLANG_WARN_COMMA = YES;
				CLANG_WARN_CONSTANT_CONVERSION = YES;
				CLANG_WARN_DEPRECATED_OBJC_IMPLEMENTATIONS = YES;
				CLANG_WARN_DIRECT_OBJC_ISA_USAGE = YES_ERROR;
				CLANG_WARN_DOCUMENTATION_COMMENTS = YES;
				CLANG_WARN_EMPTY_BODY = YES;
				CLANG_WARN_ENUM_CONVERSION = YES;
				CLANG_WARN_INFINITE_RECURSION = YES;
				CLANG_WARN_INT_CONVERSION = YES;
				CLANG_WARN_NON_LITERAL_NULL_CONVERSION = YES;
				CLANG_WARN_OBJC_IMPLICIT_RETAIN_SELF = YES;
				CLANG_WARN_OBJC_LITERAL_CONVERSION = YES;
				CLANG_WARN_OBJC_ROOT_CLASS = YES_ERROR;
				CLANG_WARN_QUOTED_INCLUDE_IN_FRAMEWORK_HEADER = YES;
				CLANG_WARN_RANGE_LOOP_ANALYSIS = YES;
				CLANG_WARN_STRICT_PROTOTYPES = YES;
				CLANG_WARN_SUSPICIOUS_MOVE = YES;
				CLANG_WARN_UNGUARDED_AVAILABILITY = YES_AGGRESSIVE;
				CLANG_WARN_UNREACHABLE_CODE = YES;
				CLANG_WARN__DUPLICATE_METHOD_MATCH = YES;
				COPY_PHASE_STRIP = NO;
				DEBUG_INFORMATION_FORMAT = "dwarf-with-dsym";
				ENABLE_NS_ASSERTIONS = NO;
				ENABLE_STRICT_OBJC_MSGSEND = YES;
				GCC_C_LANGUAGE_STANDARD = gnu11;
				GCC_NO_COMMON_BLOCKS = YES;
				GCC_WARN_64_TO_32_BIT_CONVERSION = YES;
				GCC_WARN_ABOUT_RETURN_TYPE = YES_ERROR;
				GCC_WARN_UNDECLARED_SELECTOR = YES;
				GCC_WARN_UNINITIALIZED_AUTOS = YES_AGGRESSIVE;
				GCC_WARN_UNUSED_FUNCTION = YES;
				GCC_WARN_UNUSED_VARIABLE = YES;
				IPHONEOS_DEPLOYMENT_TARGET = 16.2;
				MTL_ENABLE_DEBUG_INFO = NO;
				MTL_FAST_MATH = YES;
				SDKROOT = iphoneos;
				SWIFT_COMPILATION_MODE = wholemodule;
				SWIFT_OPTIMIZATION_LEVEL = "-O";
				VALIDATE_PRODUCT = YES;
			};
			name = Release;
		};
		650B26D6297A2C34007F448A /* Debug */ = {
			isa = XCBuildConfiguration;
			buildSettings = {
				ASSETCATALOG_COMPILER_APPICON_NAME = AppIcon;
				ASSETCATALOG_COMPILER_GLOBAL_ACCENT_COLOR_NAME = AccentColor;
				CODE_SIGN_STYLE = Automatic;
				CURRENT_PROJECT_VERSION = 1;
				DEVELOPMENT_TEAM = PCTB5RL5K6;
				GENERATE_INFOPLIST_FILE = YES;
				INFOPLIST_FILE = ChatApp3000/Info.plist;
				INFOPLIST_KEY_UIApplicationSupportsIndirectInputEvents = YES;
				INFOPLIST_KEY_UILaunchStoryboardName = LaunchScreen;
				INFOPLIST_KEY_UISupportedInterfaceOrientations_iPad = "UIInterfaceOrientationPortrait UIInterfaceOrientationPortraitUpsideDown UIInterfaceOrientationLandscapeLeft UIInterfaceOrientationLandscapeRight";
				INFOPLIST_KEY_UISupportedInterfaceOrientations_iPhone = "UIInterfaceOrientationPortrait UIInterfaceOrientationLandscapeLeft UIInterfaceOrientationLandscapeRight";
				LD_RUNPATH_SEARCH_PATHS = (
					"$(inherited)",
					"@executable_path/Frameworks",
				);
				MARKETING_VERSION = 1.0;
				PRODUCT_BUNDLE_IDENTIFIER = nobodylikesme.ChatApp3000;
				PRODUCT_NAME = "$(TARGET_NAME)";
				SWIFT_EMIT_LOC_STRINGS = YES;
				SWIFT_VERSION = 5.0;
				TARGETED_DEVICE_FAMILY = "1,2";
			};
			name = Debug;
		};
		650B26D7297A2C34007F448A /* Release */ = {
			isa = XCBuildConfiguration;
			buildSettings = {
				ASSETCATALOG_COMPILER_APPICON_NAME = AppIcon;
				ASSETCATALOG_COMPILER_GLOBAL_ACCENT_COLOR_NAME = AccentColor;
				CODE_SIGN_STYLE = Automatic;
				CURRENT_PROJECT_VERSION = 1;
				DEVELOPMENT_TEAM = PCTB5RL5K6;
				GENERATE_INFOPLIST_FILE = YES;
				INFOPLIST_FILE = ChatApp3000/Info.plist;
				INFOPLIST_KEY_UIApplicationSupportsIndirectInputEvents = YES;
				INFOPLIST_KEY_UILaunchStoryboardName = LaunchScreen;
				INFOPLIST_KEY_UISupportedInterfaceOrientations_iPad = "UIInterfaceOrientationPortrait UIInterfaceOrientationPortraitUpsideDown UIInterfaceOrientationLandscapeLeft UIInterfaceOrientationLandscapeRight";
				INFOPLIST_KEY_UISupportedInterfaceOrientations_iPhone = "UIInterfaceOrientationPortrait UIInterfaceOrientationLandscapeLeft UIInterfaceOrientationLandscapeRight";
				LD_RUNPATH_SEARCH_PATHS = (
					"$(inherited)",
					"@executable_path/Frameworks",
				);
				MARKETING_VERSION = 1.0;
				PRODUCT_BUNDLE_IDENTIFIER = nobodylikesme.ChatApp3000;
				PRODUCT_NAME = "$(TARGET_NAME)";
				SWIFT_EMIT_LOC_STRINGS = YES;
				SWIFT_VERSION = 5.0;
				TARGETED_DEVICE_FAMILY = "1,2";
			};
			name = Release;
		};
/* End XCBuildConfiguration section */

/* Begin XCConfigurationList section */
		650B26BC297A2C33007F448A /* Build configuration list for PBXProject "ChatApp3000" */ = {
			isa = XCConfigurationList;
			buildConfigurations = (
				650B26D3297A2C34007F448A /* Debug */,
				650B26D4297A2C34007F448A /* Release */,
			);
			defaultConfigurationIsVisible = 0;
			defaultConfigurationName = Release;
		};
		650B26D5297A2C34007F448A /* Build configuration list for PBXNativeTarget "ChatApp3000" */ = {
			isa = XCConfigurationList;
			buildConfigurations = (
				650B26D6297A2C34007F448A /* Debug */,
				650B26D7297A2C34007F448A /* Release */,
			);
			defaultConfigurationIsVisible = 0;
			defaultConfigurationName = Release;
		};
/* End XCConfigurationList section */

/* Begin XCRemoteSwiftPackageReference section */
		651DCEAB297A37480043267D /* XCRemoteSwiftPackageReference "stream-chat-swift" */ = {
			isa = XCRemoteSwiftPackageReference;
			repositoryURL = "https://github.com/GetStream/stream-chat-swift";
			requirement = {
				branch = develop;
				kind = branch;
			};
		};
/* End XCRemoteSwiftPackageReference section */

/* Begin XCSwiftPackageProductDependency section */
		651DCEAC297A37480043267D /* StreamChat */ = {
			isa = XCSwiftPackageProductDependency;
			package = 651DCEAB297A37480043267D /* XCRemoteSwiftPackageReference "stream-chat-swift" */;
			productName = StreamChat;
		};
		651DCEAE297A37480043267D /* StreamChatUI */ = {
			isa = XCSwiftPackageProductDependency;
			package = 651DCEAB297A37480043267D /* XCRemoteSwiftPackageReference "stream-chat-swift" */;
			productName = StreamChatUI;
		};
/* End XCSwiftPackageProductDependency section */
	};
	rootObject = 650B26B9297A2C33007F448A /* Project object */;
}
